
Microsoft Visual Studio Solution File, Format Version 12.00
# Visual Studio Version 17
VisualStudioVersion = 17.9.34622.214
MinimumVisualStudioVersion = 10.0.40219.1
Project("{FAE04EC0-301F-11D3-BF4B-00C04F79EFBC}") = "StudentDB", "StudentDB.csproj", "{77BC9138-D520-48A7-9980-33EDEE832CBD}"
EndProject
Global
	GlobalSection(SolutionConfigurationPlatforms) = preSolution
		Debug|Any CPU = Debug|Any CPU
		Release|Any CPU = Release|Any CPU
	EndGlobalSection
	GlobalSection(ProjectConfigurationPlatforms) = postSolution
		{77BC9138-D520-48A7-9980-33EDEE832CBD}.Debug|Any CPU.ActiveCfg = Debug|Any CPU
		{77BC9138-D520-48A7-9980-33EDEE832CBD}.Debug|Any CPU.Build.0 = Debug|Any CPU
		{77BC9138-D520-48A7-9980-33EDEE832CBD}.Release|Any CPU.ActiveCfg = Release|Any CPU
		{77BC9138-D520-48A7-9980-33EDEE832CBD}.Release|Any CPU.Build.0 = Release|Any CPU
	EndGlobalSection
	GlobalSection(SolutionProperties) = preSolution
		HideSolutionNode = FALSE
	EndGlobalSection
	GlobalSection(ExtensibilityGlobals) = postSolution
		SolutionGuid = {247FBD0E-28FE-40C6-BF86-943F38DEFFF0}
	EndGlobalSection
EndGlobal
